
Microsoft Visual Studio Solution File, Format Version 12.00
# Visual Studio Version 17
VisualStudioVersion = 17.4.33205.214
MinimumVisualStudioVersion = 10.0.40219.1
Project("{8BC9CEB8-8B4A-11D0-8D11-00A0C91BC942}") = "ProjectModel", "ProjectModel\ProjectModel.vcxproj", "{58F0C9EE-8454-4044-A0F4-DA98171815C7}"
EndProject
Project("{8BC9CEB8-8B4A-11D0-8D11-00A0C91BC942}") = "ProjectController", "ProjectController\ProjectController.vcxproj", "{9A78A018-CA83-43DF-ACFA-4C09983CAFCF}"
EndProject
Project("{8BC9CEB8-8B4A-11D0-8D11-00A0C91BC942}") = "ProyectView", "ProyectView\ProyectView.vcxproj", "{1B742EAC-546D-4A53-95CE-0CB9C93BF2D7}"
EndProject
Project("{8BC9CEB8-8B4A-11D0-8D11-00A0C91BC942}") = "ProjectPersistance", "ProjectPersistance\ProjectPersistance.vcxproj", "{32323C79-95C6-411F-8EF0-98F8238D1633}"
EndProject
Project("{FAE04EC0-301F-11D3-BF4B-00C04F79EFBC}") = "ChatServerCS", "ChatServerCS\ChatServerCS.csproj", "{7C41380F-53CA-4631-947F-52B3161E282E}"
EndProject
Global
	GlobalSection(SolutionConfigurationPlatforms) = preSolution
		Debug|Any CPU = Debug|Any CPU
		Debug|x64 = Debug|x64
		Debug|x86 = Debug|x86
		Release|Any CPU = Release|Any CPU
		Release|x64 = Release|x64
		Release|x86 = Release|x86
	EndGlobalSection
	GlobalSection(ProjectConfigurationPlatforms) = postSolution
		{58F0C9EE-8454-4044-A0F4-DA98171815C7}.Debug|Any CPU.ActiveCfg = Debug|x64
		{58F0C9EE-8454-4044-A0F4-DA98171815C7}.Debug|Any CPU.Build.0 = Debug|x64
		{58F0C9EE-8454-4044-A0F4-DA98171815C7}.Debug|x64.ActiveCfg = Debug|x64
		{58F0C9EE-8454-4044-A0F4-DA98171815C7}.Debug|x64.Build.0 = Debug|x64
		{58F0C9EE-8454-4044-A0F4-DA98171815C7}.Debug|x86.ActiveCfg = Debug|Win32
		{58F0C9EE-8454-4044-A0F4-DA98171815C7}.Debug|x86.Build.0 = Debug|Win32
		{58F0C9EE-8454-4044-A0F4-DA98171815C7}.Release|Any CPU.ActiveCfg = Release|x64
		{58F0C9EE-8454-4044-A0F4-DA98171815C7}.Release|Any CPU.Build.0 = Release|x64
		{58F0C9EE-8454-4044-A0F4-DA98171815C7}.Release|x64.ActiveCfg = Release|x64
		{58F0C9EE-8454-4044-A0F4-DA98171815C7}.Release|x64.Build.0 = Release|x64
		{58F0C9EE-8454-4044-A0F4-DA98171815C7}.Release|x86.ActiveCfg = Release|Win32
		{58F0C9EE-8454-4044-A0F4-DA98171815C7}.Release|x86.Build.0 = Release|Win32
		{9A78A018-CA83-43DF-ACFA-4C09983CAFCF}.Debug|Any CPU.ActiveCfg = Debug|x64
		{9A78A018-CA83-43DF-ACFA-4C09983CAFCF}.Debug|Any CPU.Build.0 = Debug|x64
		{9A78A018-CA83-43DF-ACFA-4C09983CAFCF}.Debug|x64.ActiveCfg = Debug|x64
		{9A78A018-CA83-43DF-ACFA-4C09983CAFCF}.Debug|x64.Build.0 = Debug|x64
		{9A78A018-CA83-43DF-ACFA-4C09983CAFCF}.Debug|x86.ActiveCfg = Debug|Win32
		{9A78A018-CA83-43DF-ACFA-4C09983CAFCF}.Debug|x86.Build.0 = Debug|Win32
		{9A78A018-CA83-43DF-ACFA-4C09983CAFCF}.Release|Any CPU.ActiveCfg = Release|x64
		{9A78A018-CA83-43DF-ACFA-4C09983CAFCF}.Release|Any CPU.Build.0 = Release|x64
		{9A78A018-CA83-43DF-ACFA-4C09983CAFCF}.Release|x64.ActiveCfg = Release|x64
		{9A78A018-CA83-43DF-ACFA-4C09983CAFCF}.Release|x64.Build.0 = Release|x64
		{9A78A018-CA83-43DF-ACFA-4C09983CAFCF}.Release|x86.ActiveCfg = Release|Win32
		{9A78A018-CA83-43DF-ACFA-4C09983CAFCF}.Release|x86.Build.0 = Release|Win32
		{1B742EAC-546D-4A53-95CE-0CB9C93BF2D7}.Debug|Any CPU.ActiveCfg = Debug|x64
		{1B742EAC-546D-4A53-95CE-0CB9C93BF2D7}.Debug|Any CPU.Build.0 = Debug|x64
		{1B742EAC-546D-4A53-95CE-0CB9C93BF2D7}.Debug|x64.ActiveCfg = Debug|x64
		{1B742EAC-546D-4A53-95CE-0CB9C93BF2D7}.Debug|x64.Build.0 = Debug|x64
		{1B742EAC-546D-4A53-95CE-0CB9C93BF2D7}.Debug|x86.ActiveCfg = Debug|Win32
		{1B742EAC-546D-4A53-95CE-0CB9C93BF2D7}.Debug|x86.Build.0 = Debug|Win32
		{1B742EAC-546D-4A53-95CE-0CB9C93BF2D7}.Release|Any CPU.ActiveCfg = Release|x64
		{1B742EAC-546D-4A53-95CE-0CB9C93BF2D7}.Release|Any CPU.Build.0 = Release|x64
		{1B742EAC-546D-4A53-95CE-0CB9C93BF2D7}.Release|x64.ActiveCfg = Release|x64
		{1B742EAC-546D-4A53-95CE-0CB9C93BF2D7}.Release|x64.Build.0 = Release|x64
		{1B742EAC-546D-4A53-95CE-0CB9C93BF2D7}.Release|x86.ActiveCfg = Release|Win32
		{1B742EAC-546D-4A53-95CE-0CB9C93BF2D7}.Release|x86.Build.0 = Release|Win32
		{32323C79-95C6-411F-8EF0-98F8238D1633}.Debug|Any CPU.ActiveCfg = Debug|x64
		{32323C79-95C6-411F-8EF0-98F8238D1633}.Debug|Any CPU.Build.0 = Debug|x64
		{32323C79-95C6-411F-8EF0-98F8238D1633}.Debug|x64.ActiveCfg = Debug|x64
		{32323C79-95C6-411F-8EF0-98F8238D1633}.Debug|x64.Build.0 = Debug|x64
		{32323C79-95C6-411F-8EF0-98F8238D1633}.Debug|x86.ActiveCfg = Debug|Win32
		{32323C79-95C6-411F-8EF0-98F8238D1633}.Debug|x86.Build.0 = Debug|Win32
		{32323C79-95C6-411F-8EF0-98F8238D1633}.Release|Any CPU.ActiveCfg = Release|x64
		{32323C79-95C6-411F-8EF0-98F8238D1633}.Release|Any CPU.Build.0 = Release|x64
		{32323C79-95C6-411F-8EF0-98F8238D1633}.Release|x64.ActiveCfg = Release|x64
		{32323C79-95C6-411F-8EF0-98F8238D1633}.Release|x64.Build.0 = Release|x64
		{32323C79-95C6-411F-8EF0-98F8238D1633}.Release|x86.ActiveCfg = Release|Win32
		{32323C79-95C6-411F-8EF0-98F8238D1633}.Release|x86.Build.0 = Release|Win32
		{7C41380F-53CA-4631-947F-52B3161E282E}.Debug|Any CPU.ActiveCfg = Debug|Any CPU
		{7C41380F-53CA-4631-947F-52B3161E282E}.Debug|Any CPU.Build.0 = Debug|Any CPU
		{7C41380F-53CA-4631-947F-52B3161E282E}.Debug|x64.ActiveCfg = Debug|Any CPU
		{7C41380F-53CA-4631-947F-52B3161E282E}.Debug|x64.Build.0 = Debug|Any CPU
		{7C41380F-53CA-4631-947F-52B3161E282E}.Debug|x86.ActiveCfg = Debug|Any CPU
		{7C41380F-53CA-4631-947F-52B3161E282E}.Debug|x86.Build.0 = Debug|Any CPU
		{7C41380F-53CA-4631-947F-52B3161E282E}.Release|Any CPU.ActiveCfg = Release|Any CPU
		{7C41380F-53CA-4631-947F-52B3161E282E}.Release|Any CPU.Build.0 = Release|Any CPU
		{7C41380F-53CA-4631-947F-52B3161E282E}.Release|x64.ActiveCfg = Release|Any CPU
		{7C41380F-53CA-4631-947F-52B3161E282E}.Release|x64.Build.0 = Release|Any CPU
		{7C41380F-53CA-4631-947F-52B3161E282E}.Release|x86.ActiveCfg = Release|Any CPU
		{7C41380F-53CA-4631-947F-52B3161E282E}.Release|x86.Build.0 = Release|Any CPU
	EndGlobalSection
	GlobalSection(SolutionProperties) = preSolution
		HideSolutionNode = FALSE
	EndGlobalSection
	GlobalSection(ExtensibilityGlobals) = postSolution
		SolutionGuid = {FD3E9C3A-19A8-4632-9777-908041F2D36A}
	EndGlobalSection
EndGlobal
